
Microsoft Visual Studio Solution File, Format Version 12.00
# Visual Studio 15
Project("{FAE04EC0-301F-11D3-BF4B-00C04F79EFBC}") = "Assembly-CSharp", "Assembly-CSharp.csproj", "{782E277B-44F3-BC70-D0DB-1CE6ABE17BEB}"
EndProject
Project("{FAE04EC0-301F-11D3-BF4B-00C04F79EFBC}") = "Assembly-CSharp-Editor", "Assembly-CSharp-Editor.csproj", "{B7A0100C-261C-3B59-2F18-5AF492C5827C}"
EndProject
Global
	GlobalSection(SolutionConfigurationPlatforms) = preSolution
		Debug|Any CPU = Debug|Any CPU
		Release|Any CPU = Release|Any CPU
	EndGlobalSection
	GlobalSection(ProjectConfigurationPlatforms) = postSolution
		{782E277B-44F3-BC70-D0DB-1CE6ABE17BEB}.Debug|Any CPU.ActiveCfg = Debug|Any CPU
		{782E277B-44F3-BC70-D0DB-1CE6ABE17BEB}.Debug|Any CPU.Build.0 = Debug|Any CPU
		{782E277B-44F3-BC70-D0DB-1CE6ABE17BEB}.Release|Any CPU.ActiveCfg = Release|Any CPU
		{782E277B-44F3-BC70-D0DB-1CE6ABE17BEB}.Release|Any CPU.Build.0 = Release|Any CPU
		{B7A0100C-261C-3B59-2F18-5AF492C5827C}.Debug|Any CPU.ActiveCfg = Debug|Any CPU
		{B7A0100C-261C-3B59-2F18-5AF492C5827C}.Debug|Any CPU.Build.0 = Debug|Any CPU
		{B7A0100C-261C-3B59-2F18-5AF492C5827C}.Release|Any CPU.ActiveCfg = Release|Any CPU
		{B7A0100C-261C-3B59-2F18-5AF492C5827C}.Release|Any CPU.Build.0 = Release|Any CPU
	EndGlobalSection
	GlobalSection(SolutionProperties) = preSolution
		HideSolutionNode = FALSE
	EndGlobalSection
EndGlobal
